
Microsoft Visual Studio Solution File, Format Version 12.00
# Visual Studio Version 16
VisualStudioVersion = 16.0.29613.14
MinimumVisualStudioVersion = 10.0.40219.1
Project("{FAE04EC0-301F-11D3-BF4B-00C04F79EFBC}") = "aggregate", "aggregate.csproj", "{D939C5C8-1CCD-4A67-B5C4-48FB7FEB4C5D}"
EndProject
Global
	GlobalSection(SolutionConfigurationPlatforms) = preSolution
		Debug|Any CPU = Debug|Any CPU
		Release|Any CPU = Release|Any CPU
	EndGlobalSection
	GlobalSection(ProjectConfigurationPlatforms) = postSolution
		{D939C5C8-1CCD-4A67-B5C4-48FB7FEB4C5D}.Debug|Any CPU.ActiveCfg = Debug|Any CPU
		{D939C5C8-1CCD-4A67-B5C4-48FB7FEB4C5D}.Debug|Any CPU.Build.0 = Debug|Any CPU
		{D939C5C8-1CCD-4A67-B5C4-48FB7FEB4C5D}.Release|Any CPU.ActiveCfg = Release|Any CPU
		{D939C5C8-1CCD-4A67-B5C4-48FB7FEB4C5D}.Release|Any CPU.Build.0 = Release|Any CPU
	EndGlobalSection
	GlobalSection(SolutionProperties) = preSolution
		HideSolutionNode = FALSE
	EndGlobalSection
	GlobalSection(ExtensibilityGlobals) = postSolution
		SolutionGuid = {98597C06-0090-4376-8F40-8D6310B5D9BB}
	EndGlobalSection
EndGlobal
